// !$*UTF8*$!
{
	archiveVersion = 1;
	classes = {
	};
	objectVersion = 51;
	objects = {

/* Begin PBXBuildFile section */
		41AD02D6C9280B840105F7A4 /* Pods_protobuf_playground.framework in Frameworks */ = {isa = PBXBuildFile; fileRef = F7FF67EF459BEF7C43EC05AD /* Pods_protobuf_playground.framework */; };
		730B4C03260CB3F90097A5D5 /* protobuf_playgroundApp.swift in Sources */ = {isa = PBXBuildFile; fileRef = 730B4C02260CB3F90097A5D5 /* protobuf_playgroundApp.swift */; };
		730B4C05260CB3F90097A5D5 /* ContentView.swift in Sources */ = {isa = PBXBuildFile; fileRef = 730B4C04260CB3F90097A5D5 /* ContentView.swift */; };
		730B4C07260CB3F90097A5D5 /* Assets.xcassets in Resources */ = {isa = PBXBuildFile; fileRef = 730B4C06260CB3F90097A5D5 /* Assets.xcassets */; };
		730B4C0A260CB3F90097A5D5 /* Preview Assets.xcassets in Resources */ = {isa = PBXBuildFile; fileRef = 730B4C09260CB3F90097A5D5 /* Preview Assets.xcassets */; };
		730B4C1F260CC53B0097A5D5 /* playground.proto in Sources */ = {isa = PBXBuildFile; fileRef = 730B4C1E260CC53B0097A5D5 /* playground.proto */; };
/* End PBXBuildFile section */

/* Begin PBXBuildRule section */
		730B4C1C260CC4760097A5D5 /* PBXBuildRule */ = {
			isa = PBXBuildRule;
			compilerSpec = com.apple.compilers.proxy.script;
			filePatterns = "*.proto";
			fileType = pattern.proxy;
			inputFiles = (
			);
			isEditable = 1;
			outputFiles = (
				"$(INPUT_FILE_DIR)/$(INPUT_FILE_BASE).pb.swift",
			);
			script = "eval $(/opt/homebrew/bin/brew shellenv)\nexport PATH=\"/opt/homebrew/bin:$PATH\"\nprotoc --proto_path=$INPUT_FILE_DIR --swift_out=$INPUT_FILE_DIR $INPUT_FILE_PATH\n";
		};
/* End PBXBuildRule section */

/* Begin PBXFileReference section */
		2467996172E17F078E557A28 /* Pods-protobuf-playground.release.xcconfig */ = {isa = PBXFileReference; includeInIndex = 1; lastKnownFileType = text.xcconfig; name = "Pods-protobuf-playground.release.xcconfig"; path = "Target Support Files/Pods-protobuf-playground/Pods-protobuf-playground.release.xcconfig"; sourceTree = "<group>"; };
		634AC50883C9E8A5424EFD22 /* Pods-protobuf-playground.debug.xcconfig */ = {isa = PBXFileReference; includeInIndex = 1; lastKnownFileType = text.xcconfig; name = "Pods-protobuf-playground.debug.xcconfig"; path = "Target Support Files/Pods-protobuf-playground/Pods-protobuf-playground.debug.xcconfig"; sourceTree = "<group>"; };
		730B4BFF260CB3F90097A5D5 /* protobuf-playground.app */ = {isa = PBXFileReference; explicitFileType = wrapper.application; includeInIndex = 0; path = "protobuf-playground.app"; sourceTree = BUILT_PRODUCTS_DIR; };
		730B4C02260CB3F90097A5D5 /* protobuf_playgroundApp.swift */ = {isa = PBXFileReference; lastKnownFileType = sourcecode.swift; path = protobuf_playgroundApp.swift; sourceTree = "<group>"; };
		730B4C04260CB3F90097A5D5 /* ContentView.swift */ = {isa = PBXFileReference; lastKnownFileType = sourcecode.swift; path = ContentView.swift; sourceTree = "<group>"; };
		730B4C06260CB3F90097A5D5 /* Assets.xcassets */ = {isa = PBXFileReference; lastKnownFileType = folder.assetcatalog; path = Assets.xcassets; sourceTree = "<group>"; };
		730B4C09260CB3F90097A5D5 /* Preview Assets.xcassets */ = {isa = PBXFileReference; lastKnownFileType = folder.assetcatalog; path = "Preview Assets.xcassets"; sourceTree = "<group>"; };
		730B4C0B260CB3F90097A5D5 /* Info.plist */ = {isa = PBXFileReference; lastKnownFileType = text.plist.xml; path = Info.plist; sourceTree = "<group>"; };
		730B4C1E260CC53B0097A5D5 /* playground.proto */ = {isa = PBXFileReference; lastKnownFileType = sourcecode.protobuf; name = playground.proto; path = ../../protos/playground.proto; sourceTree = "<group>"; };
		F7FF67EF459BEF7C43EC05AD /* Pods_protobuf_playground.framework */ = {isa = PBXFileReference; explicitFileType = wrapper.framework; includeInIndex = 0; path = Pods_protobuf_playground.framework; sourceTree = BUILT_PRODUCTS_DIR; };
/* End PBXFileReference section */

/* Begin PBXFrameworksBuildPhase section */
		730B4BFC260CB3F90097A5D5 /* Frameworks */ = {
			isa = PBXFrameworksBuildPhase;
			buildActionMask = 2147483647;
			files = (
				41AD02D6C9280B840105F7A4 /* Pods_protobuf_playground.framework in Frameworks */,
			);
			runOnlyForDeploymentPostprocessing = 0;
		};
/* End PBXFrameworksBuildPhase section */

/* Begin PBXGroup section */
		1C8822B5658138450FD2730E /* Pods */ = {
			isa = PBXGroup;
			children = (
				634AC50883C9E8A5424EFD22 /* Pods-protobuf-playground.debug.xcconfig */,
				2467996172E17F078E557A28 /* Pods-protobuf-playground.release.xcconfig */,
			);
			path = Pods;
			sourceTree = "<group>";
		};
		730B4BF6260CB3F90097A5D5 = {
			isa = PBXGroup;
			children = (
				730B4C1E260CC53B0097A5D5 /* playground.proto */,
				730B4C01260CB3F90097A5D5 /* protobuf-playground */,
				730B4C00260CB3F90097A5D5 /* Products */,
				1C8822B5658138450FD2730E /* Pods */,
				E62859553D7A3066F06A0541 /* Frameworks */,
			);
			sourceTree = "<group>";
		};
		730B4C00260CB3F90097A5D5 /* Products */ = {
			isa = PBXGroup;
			children = (
				730B4BFF260CB3F90097A5D5 /* protobuf-playground.app */,
			);
			name = Products;
			sourceTree = "<group>";
		};
		730B4C01260CB3F90097A5D5 /* protobuf-playground */ = {
			isa = PBXGroup;
			children = (
				730B4C02260CB3F90097A5D5 /* protobuf_playgroundApp.swift */,
				730B4C04260CB3F90097A5D5 /* ContentView.swift */,
				730B4C06260CB3F90097A5D5 /* Assets.xcassets */,
				730B4C0B260CB3F90097A5D5 /* Info.plist */,
				730B4C08260CB3F90097A5D5 /* Preview Content */,
			);
			path = "protobuf-playground";
			sourceTree = "<group>";
		};
		730B4C08260CB3F90097A5D5 /* Preview Content */ = {
			isa = PBXGroup;
			children = (
				730B4C09260CB3F90097A5D5 /* Preview Assets.xcassets */,
			);
			path = "Preview Content";
			sourceTree = "<group>";
		};
		E62859553D7A3066F06A0541 /* Frameworks */ = {
			isa = PBXGroup;
			children = (
				F7FF67EF459BEF7C43EC05AD /* Pods_protobuf_playground.framework */,
			);
			name = Frameworks;
			sourceTree = "<group>";
		};
/* End PBXGroup section */

/* Begin PBXNativeTarget section */
		730B4BFE260CB3F90097A5D5 /* protobuf-playground */ = {
			isa = PBXNativeTarget;
			buildConfigurationList = 730B4C0E260CB3F90097A5D5 /* Build configuration list for PBXNativeTarget "protobuf-playground" */;
			buildPhases = (
				8415F8CC81B7B4A3B9784996 /* [CP] Check Pods Manifest.lock */,
				730B4BFB260CB3F90097A5D5 /* Sources */,
				730B4BFC260CB3F90097A5D5 /* Frameworks */,
				730B4BFD260CB3F90097A5D5 /* Resources */,
				E0D76F73D4EECEC4A024533B /* [CP] Embed Pods Frameworks */,
			);
			buildRules = (
				730B4C1C260CC4760097A5D5 /* PBXBuildRule */,
			);
			dependencies = (
			);
			name = "protobuf-playground";
			productName = "protobuf-playground";
			productReference = 730B4BFF260CB3F90097A5D5 /* protobuf-playground.app */;
			productType = "com.apple.product-type.application";
		};
/* End PBXNativeTarget section */

/* Begin PBXProject section */
		730B4BF7260CB3F90097A5D5 /* Project object */ = {
			isa = PBXProject;
			attributes = {
				LastSwiftUpdateCheck = 1240;
				LastUpgradeCheck = 1240;
				TargetAttributes = {
					730B4BFE260CB3F90097A5D5 = {
						CreatedOnToolsVersion = 12.4;
					};
				};
			};
			buildConfigurationList = 730B4BFA260CB3F90097A5D5 /* Build configuration list for PBXProject "protobuf-playground" */;
			compatibilityVersion = "Xcode 9.3";
			developmentRegion = en;
			hasScannedForEncodings = 0;
			knownRegions = (
				en,
				Base,
			);
			mainGroup = 730B4BF6260CB3F90097A5D5;
			productRefGroup = 730B4C00260CB3F90097A5D5 /* Products */;
			projectDirPath = "";
			projectRoot = "";
			targets = (
				730B4BFE260CB3F90097A5D5 /* protobuf-playground */,
			);
		};
/* End PBXProject section */

/* Begin PBXResourcesBuildPhase section */
		730B4BFD260CB3F90097A5D5 /* Resources */ = {
			isa = PBXResourcesBuildPhase;
			buildActionMask = 2147483647;
			files = (
				730B4C0A260CB3F90097A5D5 /* Preview Assets.xcassets in Resources */,
				730B4C07260CB3F90097A5D5 /* Assets.xcassets in Resources */,
			);
			runOnlyForDeploymentPostprocessing = 0;
		};
/* End PBXResourcesBuildPhase section */

/* Begin PBXShellScriptBuildPhase section */
		8415F8CC81B7B4A3B9784996 /* [CP] Check Pods Manifest.lock */ = {
			isa = PBXShellScriptBuildPhase;
			buildActionMask = 2147483647;
			files = (
			);
			inputFileListPaths = (
			);
			inputPaths = (
				"${PODS_PODFILE_DIR_PATH}/Podfile.lock",
				"${PODS_ROOT}/Manifest.lock",
			);
			name = "[CP] Check Pods Manifest.lock";
			outputFileListPaths = (
			);
			outputPaths = (
				"$(DERIVED_FILE_DIR)/Pods-protobuf-playground-checkManifestLockResult.txt",
			);
			runOnlyForDeploymentPostprocessing = 0;
			shellPath = /bin/sh;
			shellScript = "diff \"${PODS_PODFILE_DIR_PATH}/Podfile.lock\" \"${PODS_ROOT}/Manifest.lock\" > /dev/null\nif [ $? != 0 ] ; then\n    # print error to STDERR\n    echo \"error: The sandbox is not in sync with the Podfile.lock. Run 'pod install' or update your CocoaPods installation.\" >&2\n    exit 1\nfi\n# This output is used by Xcode 'outputs' to avoid re-running this script phase.\necho \"SUCCESS\" > \"${SCRIPT_OUTPUT_FILE_0}\"\n";
			showEnvVarsInLog = 0;
		};
		E0D76F73D4EECEC4A024533B /* [CP] Embed Pods Frameworks */ = {
			isa = PBXShellScriptBuildPhase;
			buildActionMask = 2147483647;
			files = (
			);
			inputFileListPaths = (
				"${PODS_ROOT}/Target Support Files/Pods-protobuf-playground/Pods-protobuf-playground-frameworks-${CONFIGURATION}-input-files.xcfilelist",
			);
			name = "[CP] Embed Pods Frameworks";
			outputFileListPaths = (
				"${PODS_ROOT}/Target Support Files/Pods-protobuf-playground/Pods-protobuf-playground-frameworks-${CONFIGURATION}-output-files.xcfilelist",
			);
			runOnlyForDeploymentPostprocessing = 0;
			shellPath = /bin/sh;
			shellScript = "\"${PODS_ROOT}/Target Support Files/Pods-protobuf-playground/Pods-protobuf-playground-frameworks.sh\"\n";
			showEnvVarsInLog = 0;
		};
/* End PBXShellScriptBuildPhase section */

/* Begin PBXSourcesBuildPhase section */
		730B4BFB260CB3F90097A5D5 /* Sources */ = {
			isa = PBXSourcesBuildPhase;
			buildActionMask = 2147483647;
			files = (
				730B4C1F260CC53B0097A5D5 /* playground.proto in Sources */,
				730B4C05260CB3F90097A5D5 /* ContentView.swift in Sources */,
				730B4C03260CB3F90097A5D5 /* protobuf_playgroundApp.swift in Sources */,
			);
			runOnlyForDeploymentPostprocessing = 0;
		};
/* End PBXSourcesBuildPhase section */

/* Begin XCBuildConfiguration section */
		730B4C0C260CB3F90097A5D5 /* Debug */ = {
			isa = XCBuildConfiguration;
			buildSettings = {
				ALWAYS_SEARCH_USER_PATHS = NO;
				CLANG_ANALYZER_NONNULL = YES;
				CLANG_ANALYZER_NUMBER_OBJECT_CONVERSION = YES_AGGRESSIVE;
				CLANG_CXX_LANGUAGE_STANDARD = "gnu++14";
				CLANG_CXX_LIBRARY = "libc++";
				CLANG_ENABLE_MODULES = YES;
				CLANG_ENABLE_OBJC_ARC = YES;
				CLANG_ENABLE_OBJC_WEAK = YES;
				CLANG_WARN_BLOCK_CAPTURE_AUTORELEASING = YES;
				CLANG_WARN_BOOL_CONVERSION = YES;
				CLANG_WARN_COMMA = YES;
				CLANG_WARN_CONSTANT_CONVERSION = YES;
				CLANG_WARN_DEPRECATED_OBJC_IMPLEMENTATIONS = YES;
				CLANG_WARN_DIRECT_OBJC_ISA_USAGE = YES_ERROR;
				CLANG_WARN_DOCUMENTATION_COMMENTS = YES;
				CLANG_WARN_EMPTY_BODY = YES;
				CLANG_WARN_ENUM_CONVERSION = YES;
				CLANG_WARN_INFINITE_RECURSION = YES;
				CLANG_WARN_INT_CONVERSION = YES;
				CLANG_WARN_NON_LITERAL_NULL_CONVERSION = YES;
				CLANG_WARN_OBJC_IMPLICIT_RETAIN_SELF = YES;
				CLANG_WARN_OBJC_LITERAL_CONVERSION = YES;
				CLANG_WARN_OBJC_ROOT_CLASS = YES_ERROR;
				CLANG_WARN_QUOTED_INCLUDE_IN_FRAMEWORK_HEADER = YES;
				CLANG_WARN_RANGE_LOOP_ANALYSIS = YES;
				CLANG_WARN_STRICT_PROTOTYPES = YES;
				CLANG_WARN_SUSPICIOUS_MOVE = YES;
				CLANG_WARN_UNGUARDED_AVAILABILITY = YES_AGGRESSIVE;
				CLANG_WARN_UNREACHABLE_CODE = YES;
				CLANG_WARN__DUPLICATE_METHOD_MATCH = YES;
				COPY_PHASE_STRIP = NO;
				DEBUG_INFORMATION_FORMAT = dwarf;
				ENABLE_STRICT_OBJC_MSGSEND = YES;
				ENABLE_TESTABILITY = YES;
				GCC_C_LANGUAGE_STANDARD = gnu11;
				GCC_DYNAMIC_NO_PIC = NO;
				GCC_NO_COMMON_BLOCKS = YES;
				GCC_OPTIMIZATION_LEVEL = 0;
				GCC_PREPROCESSOR_DEFINITIONS = (
					"DEBUG=1",
					"$(inherited)",
				);
				GCC_WARN_64_TO_32_BIT_CONVERSION = YES;
				GCC_WARN_ABOUT_RETURN_TYPE = YES_ERROR;
				GCC_WARN_UNDECLARED_SELECTOR = YES;
				GCC_WARN_UNINITIALIZED_AUTOS = YES_AGGRESSIVE;
				GCC_WARN_UNUSED_FUNCTION = YES;
				GCC_WARN_UNUSED_VARIABLE = YES;
				IPHONEOS_DEPLOYMENT_TARGET = 14.4;
				MTL_ENABLE_DEBUG_INFO = INCLUDE_SOURCE;
				MTL_FAST_MATH = YES;
				ONLY_ACTIVE_ARCH = YES;
				SDKROOT = iphoneos;
				SWIFT_ACTIVE_COMPILATION_CONDITIONS = DEBUG;
				SWIFT_OPTIMIZATION_LEVEL = "-Onone";
			};
			name = Debug;
		};
		730B4C0D260CB3F90097A5D5 /* Release */ = {
			isa = XCBuildConfiguration;
			buildSettings = {
				ALWAYS_SEARCH_USER_PATHS = NO;
				CLANG_ANALYZER_NONNULL = YES;
				CLANG_ANALYZER_NUMBER_OBJECT_CONVERSION = YES_AGGRESSIVE;
				CLANG_CXX_LANGUAGE_STANDARD = "gnu++14";
				CLANG_CXX_LIBRARY = "libc++";
				CLANG_ENABLE_MODULES = YES;
				CLANG_ENABLE_OBJC_ARC = YES;
				CLANG_ENABLE_OBJC_WEAK = YES;
				CLANG_WARN_BLOCK_CAPTURE_AUTORELEASING = YES;
				CLANG_WARN_BOOL_CONVERSION = YES;
				CLANG_WARN_COMMA = YES;
				CLANG_WARN_CONSTANT_CONVERSION = YES;
				CLANG_WARN_DEPRECATED_OBJC_IMPLEMENTATIONS = YES;
				CLANG_WARN_DIRECT_OBJC_ISA_USAGE = YES_ERROR;
				CLANG_WARN_DOCUMENTATION_COMMENTS = YES;
				CLANG_WARN_EMPTY_BODY = YES;
				CLANG_WARN_ENUM_CONVERSION = YES;
				CLANG_WARN_INFINITE_RECURSION = YES;
				CLANG_WARN_INT_CONVERSION = YES;
				CLANG_WARN_NON_LITERAL_NULL_CONVERSION = YES;
				CLANG_WARN_OBJC_IMPLICIT_RETAIN_SELF = YES;
				CLANG_WARN_OBJC_LITERAL_CONVERSION = YES;
				CLANG_WARN_OBJC_ROOT_CLASS = YES_ERROR;
				CLANG_WARN_QUOTED_INCLUDE_IN_FRAMEWORK_HEADER = YES;
				CLANG_WARN_RANGE_LOOP_ANALYSIS = YES;
				CLANG_WARN_STRICT_PROTOTYPES = YES;
				CLANG_WARN_SUSPICIOUS_MOVE = YES;
				CLANG_WARN_UNGUARDED_AVAILABILITY = YES_AGGRESSIVE;
				CLANG_WARN_UNREACHABLE_CODE = YES;
				CLANG_WARN__DUPLICATE_METHOD_MATCH = YES;
				COPY_PHASE_STRIP = NO;
				DEBUG_INFORMATION_FORMAT = "dwarf-with-dsym";
				ENABLE_NS_ASSERTIONS = NO;
				ENABLE_STRICT_OBJC_MSGSEND = YES;
				GCC_C_LANGUAGE_STANDARD = gnu11;
				GCC_NO_COMMON_BLOCKS = YES;
				GCC_WARN_64_TO_32_BIT_CONVERSION = YES;
				GCC_WARN_ABOUT_RETURN_TYPE = YES_ERROR;
				GCC_WARN_UNDECLARED_SELECTOR = YES;
				GCC_WARN_UNINITIALIZED_AUTOS = YES_AGGRESSIVE;
				GCC_WARN_UNUSED_FUNCTION = YES;
				GCC_WARN_UNUSED_VARIABLE = YES;
				IPHONEOS_DEPLOYMENT_TARGET = 14.4;
				MTL_ENABLE_DEBUG_INFO = NO;
				MTL_FAST_MATH = YES;
				SDKROOT = iphoneos;
				SWIFT_COMPILATION_MODE = wholemodule;
				SWIFT_OPTIMIZATION_LEVEL = "-O";
				VALIDATE_PRODUCT = YES;
			};
			name = Release;
		};
		730B4C0F260CB3F90097A5D5 /* Debug */ = {
			isa = XCBuildConfiguration;
			baseConfigurationReference = 634AC50883C9E8A5424EFD22 /* Pods-protobuf-playground.debug.xcconfig */;
			buildSettings = {
				ASSETCATALOG_COMPILER_APPICON_NAME = AppIcon;
				ASSETCATALOG_COMPILER_GLOBAL_ACCENT_COLOR_NAME = AccentColor;
				CODE_SIGN_STYLE = Automatic;
				DEVELOPMENT_ASSET_PATHS = "\"protobuf-playground/Preview Content\"";
				ENABLE_PREVIEWS = YES;
				INFOPLIST_FILE = "protobuf-playground/Info.plist";
				IPHONEOS_DEPLOYMENT_TARGET = 14.0;
				LD_RUNPATH_SEARCH_PATHS = (
					"$(inherited)",
					"@executable_path/Frameworks",
				);
				PRODUCT_BUNDLE_IDENTIFIER = "sats.protobuf-playground";
				PRODUCT_NAME = "$(TARGET_NAME)";
				SWIFT_VERSION = 5.0;
				TARGETED_DEVICE_FAMILY = "1,2";
			};
			name = Debug;
		};
		730B4C10260CB3F90097A5D5 /* Release */ = {
			isa = XCBuildConfiguration;
			baseConfigurationReference = 2467996172E17F078E557A28 /* Pods-protobuf-playground.release.xcconfig */;
			buildSettings = {
				ASSETCATALOG_COMPILER_APPICON_NAME = AppIcon;
				ASSETCATALOG_COMPILER_GLOBAL_ACCENT_COLOR_NAME = AccentColor;
				CODE_SIGN_STYLE = Automatic;
				DEVELOPMENT_ASSET_PATHS = "\"protobuf-playground/Preview Content\"";
				ENABLE_PREVIEWS = YES;
				INFOPLIST_FILE = "protobuf-playground/Info.plist";
				IPHONEOS_DEPLOYMENT_TARGET = 14.0;
				LD_RUNPATH_SEARCH_PATHS = (
					"$(inherited)",
					"@executable_path/Frameworks",
				);
				PRODUCT_BUNDLE_IDENTIFIER = "sats.protobuf-playground";
				PRODUCT_NAME = "$(TARGET_NAME)";
				SWIFT_VERSION = 5.0;
				TARGETED_DEVICE_FAMILY = "1,2";
			};
			name = Release;
		};
/* End XCBuildConfiguration section */

/* Begin XCConfigurationList section */
		730B4BFA260CB3F90097A5D5 /* Build configuration list for PBXProject "protobuf-playground" */ = {
			isa = XCConfigurationList;
			buildConfigurations = (
				730B4C0C260CB3F90097A5D5 /* Debug */,
				730B4C0D260CB3F90097A5D5 /* Release */,
			);
			defaultConfigurationIsVisible = 0;
			defaultConfigurationName = Release;
		};
		730B4C0E260CB3F90097A5D5 /* Build configuration list for PBXNativeTarget "protobuf-playground" */ = {
			isa = XCConfigurationList;
			buildConfigurations = (
				730B4C0F260CB3F90097A5D5 /* Debug */,
				730B4C10260CB3F90097A5D5 /* Release */,
			);
			defaultConfigurationIsVisible = 0;
			defaultConfigurationName = Release;
		};
/* End XCConfigurationList section */
	};
	rootObject = 730B4BF7260CB3F90097A5D5 /* Project object */;
}
